// !$*UTF8*$!
{
	archiveVersion = 1;
	classes = {
	};
	objectVersion = 46;
	objects = {

/* Begin PBXBuildFile section */
		D1DDA54A1AEFB18500389FE9 /* RSA.swift in Sources */ = {isa = PBXBuildFile; fileRef = D1DDA5491AEFB18500389FE9 /* RSA.swift */; };
		D1DDA54C1AEFF0BA00389FE9 /* helper.swift in Sources */ = {isa = PBXBuildFile; fileRef = D1DDA54B1AEFF0BA00389FE9 /* helper.swift */; };
		D1DDA54E1AEFF73E00389FE9 /* prime.swift in Sources */ = {isa = PBXBuildFile; fileRef = D1DDA54D1AEFF73E00389FE9 /* prime.swift */; };
		D1E836A31AEC679E005171F3 /* main.swift in Sources */ = {isa = PBXBuildFile; fileRef = D1E836A21AEC679E005171F3 /* main.swift */; };
/* End PBXBuildFile section */

/* Begin PBXCopyFilesBuildPhase section */
		D1E8369D1AEC679E005171F3 /* CopyFiles */ = {
			isa = PBXCopyFilesBuildPhase;
			buildActionMask = 2147483647;
			dstPath = /usr/share/man/man1/;
			dstSubfolderSpec = 0;
			files = (
			);
			runOnlyForDeploymentPostprocessing = 1;
		};
/* End PBXCopyFilesBuildPhase section */

/* Begin PBXFileReference section */
		D1DDA5491AEFB18500389FE9 /* RSA.swift */ = {isa = PBXFileReference; fileEncoding = 4; lastKnownFileType = sourcecode.swift; path = RSA.swift; sourceTree = "<group>"; };
		D1DDA54B1AEFF0BA00389FE9 /* helper.swift */ = {isa = PBXFileReference; fileEncoding = 4; lastKnownFileType = sourcecode.swift; path = helper.swift; sourceTree = "<group>"; };
		D1DDA54D1AEFF73E00389FE9 /* prime.swift */ = {isa = PBXFileReference; fileEncoding = 4; lastKnownFileType = sourcecode.swift; path = prime.swift; sourceTree = "<group>"; };
		D1E8369F1AEC679E005171F3 /* SwiftRSA */ = {isa = PBXFileReference; explicitFileType = "compiled.mach-o.executable"; includeInIndex = 0; path = SwiftRSA; sourceTree = BUILT_PRODUCTS_DIR; };
		D1E836A21AEC679E005171F3 /* main.swift */ = {isa = PBXFileReference; lastKnownFileType = sourcecode.swift; path = main.swift; sourceTree = "<group>"; };
/* End PBXFileReference section */

/* Begin PBXFrameworksBuildPhase section */
		D1E8369C1AEC679E005171F3 /* Frameworks */ = {
			isa = PBXFrameworksBuildPhase;
			buildActionMask = 2147483647;
			files = (
			);
			runOnlyForDeploymentPostprocessing = 0;
		};
/* End PBXFrameworksBuildPhase section */

/* Begin PBXGroup section */
		D1E836961AEC679E005171F3 = {
			isa = PBXGroup;
			children = (
				D1E836A11AEC679E005171F3 /* SwiftRSA */,
				D1E836A01AEC679E005171F3 /* Products */,
			);
			sourceTree = "<group>";
		};
		D1E836A01AEC679E005171F3 /* Products */ = {
			isa = PBXGroup;
			children = (
				D1E8369F1AEC679E005171F3 /* SwiftRSA */,
			);
			name = Products;
			sourceTree = "<group>";
		};
		D1E836A11AEC679E005171F3 /* SwiftRSA */ = {
			isa = PBXGroup;
			children = (
				D1E836A21AEC679E005171F3 /* main.swift */,
				D1DDA54D1AEFF73E00389FE9 /* prime.swift */,
				D1DDA54B1AEFF0BA00389FE9 /* helper.swift */,
				D1DDA5491AEFB18500389FE9 /* RSA.swift */,
			);
			path = SwiftRSA;
			sourceTree = "<group>";
		};
/* End PBXGroup section */

/* Begin PBXNativeTarget section */
		D1E8369E1AEC679E005171F3 /* SwiftRSA */ = {
			isa = PBXNativeTarget;
			buildConfigurationList = D1E836A61AEC679E005171F3 /* Build configuration list for PBXNativeTarget "SwiftRSA" */;
			buildPhases = (
				D1E8369B1AEC679E005171F3 /* Sources */,
				D1E8369C1AEC679E005171F3 /* Frameworks */,
				D1E8369D1AEC679E005171F3 /* CopyFiles */,
			);
			buildRules = (
			);
			dependencies = (
			);
			name = SwiftRSA;
			productName = SwiftRSA;
			productReference = D1E8369F1AEC679E005171F3 /* SwiftRSA */;
			productType = "com.apple.product-type.tool";
		};
/* End PBXNativeTarget section */

/* Begin PBXProject section */
		D1E836971AEC679E005171F3 /* Project object */ = {
			isa = PBXProject;
			attributes = {
				LastUpgradeCheck = 0630;
				ORGANIZATIONNAME = "Kailun Wu";
				TargetAttributes = {
					D1E8369E1AEC679E005171F3 = {
						CreatedOnToolsVersion = 6.3.1;
					};
				};
			};
			buildConfigurationList = D1E8369A1AEC679E005171F3 /* Build configuration list for PBXProject "SwiftRSA" */;
			compatibilityVersion = "Xcode 3.2";
			developmentRegion = English;
			hasScannedForEncodings = 0;
			knownRegions = (
				en,
			);
			mainGroup = D1E836961AEC679E005171F3;
			productRefGroup = D1E836A01AEC679E005171F3 /* Products */;
			projectDirPath = "";
			projectRoot = "";
			targets = (
				D1E8369E1AEC679E005171F3 /* SwiftRSA */,
			);
		};
/* End PBXProject section */

/* Begin PBXSourcesBuildPhase section */
		D1E8369B1AEC679E005171F3 /* Sources */ = {
			isa = PBXSourcesBuildPhase;
			buildActionMask = 2147483647;
			files = (
				D1DDA54C1AEFF0BA00389FE9 /* helper.swift in Sources */,
				D1DDA54A1AEFB18500389FE9 /* RSA.swift in Sources */,
				D1E836A31AEC679E005171F3 /* main.swift in Sources */,
				D1DDA54E1AEFF73E00389FE9 /* prime.swift in Sources */,
			);
			runOnlyForDeploymentPostprocessing = 0;
		};
/* End PBXSourcesBuildPhase section */

/* Begin XCBuildConfiguration section */
		D1E836A41AEC679E005171F3 /* Debug */ = {
			isa = XCBuildConfiguration;
			buildSettings = {
				ALWAYS_SEARCH_USER_PATHS = NO;
				CLANG_CXX_LANGUAGE_STANDARD = "gnu++0x";
				CLANG_CXX_LIBRARY = "libc++";
				CLANG_ENABLE_MODULES = YES;
				CLANG_ENABLE_OBJC_ARC = YES;
				CLANG_WARN_BOOL_CONVERSION = YES;
				CLANG_WARN_CONSTANT_CONVERSION = YES;
				CLANG_WARN_DIRECT_OBJC_ISA_USAGE = YES_ERROR;
				CLANG_WARN_EMPTY_BODY = YES;
				CLANG_WARN_ENUM_CONVERSION = YES;
				CLANG_WARN_INT_CONVERSION = YES;
				CLANG_WARN_OBJC_ROOT_CLASS = YES_ERROR;
				CLANG_WARN_UNREACHABLE_CODE = YES;
				CLANG_WARN__DUPLICATE_METHOD_MATCH = YES;
				COPY_PHASE_STRIP = NO;
				DEBUG_INFORMATION_FORMAT = dwarf;
				ENABLE_STRICT_OBJC_MSGSEND = YES;
				GCC_C_LANGUAGE_STANDARD = gnu99;
				GCC_DYNAMIC_NO_PIC = NO;
				GCC_NO_COMMON_BLOCKS = YES;
				GCC_OPTIMIZATION_LEVEL = 0;
				GCC_PREPROCESSOR_DEFINITIONS = (
					"DEBUG=1",
					"$(inherited)",
				);
				GCC_SYMBOLS_PRIVATE_EXTERN = NO;
				GCC_WARN_64_TO_32_BIT_CONVERSION = YES;
				GCC_WARN_ABOUT_RETURN_TYPE = YES_ERROR;
				GCC_WARN_UNDECLARED_SELECTOR = YES;
				GCC_WARN_UNINITIALIZED_AUTOS = YES_AGGRESSIVE;
				GCC_WARN_UNUSED_FUNCTION = YES;
				GCC_WARN_UNUSED_VARIABLE = YES;
				MACOSX_DEPLOYMENT_TARGET = 10.10;
				MTL_ENABLE_DEBUG_INFO = YES;
				ONLY_ACTIVE_ARCH = YES;
				SDKROOT = macosx;
				SWIFT_OPTIMIZATION_LEVEL = "-Onone";
			};
			name = Debug;
		};
		D1E836A51AEC679E005171F3 /* Release */ = {
			isa = XCBuildConfiguration;
			buildSettings = {
				ALWAYS_SEARCH_USER_PATHS = NO;
				CLANG_CXX_LANGUAGE_STANDARD = "gnu++0x";
				CLANG_CXX_LIBRARY = "libc++";
				CLANG_ENABLE_MODULES = YES;
				CLANG_ENABLE_OBJC_ARC = YES;
				CLANG_WARN_BOOL_CONVERSION = YES;
				CLANG_WARN_CONSTANT_CONVERSION = YES;
				CLANG_WARN_DIRECT_OBJC_ISA_USAGE = YES_ERROR;
				CLANG_WARN_EMPTY_BODY = YES;
				CLANG_WARN_ENUM_CONVERSION = YES;
				CLANG_WARN_INT_CONVERSION = YES;
				CLANG_WARN_OBJC_ROOT_CLASS = YES_ERROR;
				CLANG_WARN_UNREACHABLE_CODE = YES;
				CLANG_WARN__DUPLICATE_METHOD_MATCH = YES;
				COPY_PHASE_STRIP = NO;
				DEBUG_INFORMATION_FORMAT = "dwarf-with-dsym";
				ENABLE_NS_ASSERTIONS = NO;
				ENABLE_STRICT_OBJC_MSGSEND = YES;
				GCC_C_LANGUAGE_STANDARD = gnu99;
				GCC_NO_COMMON_BLOCKS = YES;
				GCC_WARN_64_TO_32_BIT_CONVERSION = YES;
				GCC_WARN_ABOUT_RETURN_TYPE = YES_ERROR;
				GCC_WARN_UNDECLARED_SELECTOR = YES;
				GCC_WARN_UNINITIALIZED_AUTOS = YES_AGGRESSIVE;
				GCC_WARN_UNUSED_FUNCTION = YES;
				GCC_WARN_UNUSED_VARIABLE = YES;
				MACOSX_DEPLOYMENT_TARGET = 10.10;
				MTL_ENABLE_DEBUG_INFO = NO;
				SDKROOT = macosx;
			};
			name = Release;
		};
		D1E836A71AEC679E005171F3 /* Debug */ = {
			isa = XCBuildConfiguration;
			buildSettings = {
				PRODUCT_NAME = "$(TARGET_NAME)";
			};
			name = Debug;
		};
		D1E836A81AEC679E005171F3 /* Release */ = {
			isa = XCBuildConfiguration;
			buildSettings = {
				PRODUCT_NAME = "$(TARGET_NAME)";
			};
			name = Release;
		};
/* End XCBuildConfiguration section */

/* Begin XCConfigurationList section */
		D1E8369A1AEC679E005171F3 /* Build configuration list for PBXProject "SwiftRSA" */ = {
			isa = XCConfigurationList;
			buildConfigurations = (
				D1E836A41AEC679E005171F3 /* Debug */,
				D1E836A51AEC679E005171F3 /* Release */,
			);
			defaultConfigurationIsVisible = 0;
			defaultConfigurationName = Release;
		};
		D1E836A61AEC679E005171F3 /* Build configuration list for PBXNativeTarget "SwiftRSA" */ = {
			isa = XCConfigurationList;
			buildConfigurations = (
				D1E836A71AEC679E005171F3 /* Debug */,
				D1E836A81AEC679E005171F3 /* Release */,
			);
			defaultConfigurationIsVisible = 0;
			defaultConfigurationName = Release;
		};
/* End XCConfigurationList section */
	};
	rootObject = D1E836971AEC679E005171F3 /* Project object */;
}
